
Microsoft Visual Studio Solution File, Format Version 12.00
# Visual Studio Version 17
VisualStudioVersion = 17.4.33205.214
MinimumVisualStudioVersion = 10.0.40219.1
Project("{9A19103F-16F7-4668-BE54-9A1E7A4F7556}") = "CourseProject", "CourseProject\CourseProject.csproj", "{8B811FD0-9DA2-4346-A988-D2391574FA1A}"
EndProject
Project("{9A19103F-16F7-4668-BE54-9A1E7A4F7556}") = "BulkyBook.DataAccess", "BulkyBook.DataAccess\BulkyBook.DataAccess.csproj", "{0DDD97FC-3635-4E4F-9405-16A570A19DA9}"
EndProject
Project("{9A19103F-16F7-4668-BE54-9A1E7A4F7556}") = "BulkyBook.Models", "BulkyBook.Models\BulkyBook.Models.csproj", "{2507F76C-A91D-4698-BA74-C2DA31F2BB77}"
EndProject
Project("{9A19103F-16F7-4668-BE54-9A1E7A4F7556}") = "BulkyBook.Utility", "BulkyBook.Utility\BulkyBook.Utility.csproj", "{4A1B27F5-66A2-4C30-9D19-B21C07DFE682}"
EndProject
Global
	GlobalSection(SolutionConfigurationPlatforms) = preSolution
		Debug|Any CPU = Debug|Any CPU
		Release|Any CPU = Release|Any CPU
	EndGlobalSection
	GlobalSection(ProjectConfigurationPlatforms) = postSolution
		{8B811FD0-9DA2-4346-A988-D2391574FA1A}.Debug|Any CPU.ActiveCfg = Debug|Any CPU
		{8B811FD0-9DA2-4346-A988-D2391574FA1A}.Debug|Any CPU.Build.0 = Debug|Any CPU
		{8B811FD0-9DA2-4346-A988-D2391574FA1A}.Release|Any CPU.ActiveCfg = Release|Any CPU
		{8B811FD0-9DA2-4346-A988-D2391574FA1A}.Release|Any CPU.Build.0 = Release|Any CPU
		{0DDD97FC-3635-4E4F-9405-16A570A19DA9}.Debug|Any CPU.ActiveCfg = Debug|Any CPU
		{0DDD97FC-3635-4E4F-9405-16A570A19DA9}.Debug|Any CPU.Build.0 = Debug|Any CPU
		{0DDD97FC-3635-4E4F-9405-16A570A19DA9}.Release|Any CPU.ActiveCfg = Release|Any CPU
		{0DDD97FC-3635-4E4F-9405-16A570A19DA9}.Release|Any CPU.Build.0 = Release|Any CPU
		{2507F76C-A91D-4698-BA74-C2DA31F2BB77}.Debug|Any CPU.ActiveCfg = Debug|Any CPU
		{2507F76C-A91D-4698-BA74-C2DA31F2BB77}.Debug|Any CPU.Build.0 = Debug|Any CPU
		{2507F76C-A91D-4698-BA74-C2DA31F2BB77}.Release|Any CPU.ActiveCfg = Release|Any CPU
		{2507F76C-A91D-4698-BA74-C2DA31F2BB77}.Release|Any CPU.Build.0 = Release|Any CPU
		{4A1B27F5-66A2-4C30-9D19-B21C07DFE682}.Debug|Any CPU.ActiveCfg = Debug|Any CPU
		{4A1B27F5-66A2-4C30-9D19-B21C07DFE682}.Debug|Any CPU.Build.0 = Debug|Any CPU
		{4A1B27F5-66A2-4C30-9D19-B21C07DFE682}.Release|Any CPU.ActiveCfg = Release|Any CPU
		{4A1B27F5-66A2-4C30-9D19-B21C07DFE682}.Release|Any CPU.Build.0 = Release|Any CPU
	EndGlobalSection
	GlobalSection(SolutionProperties) = preSolution
		HideSolutionNode = FALSE
	EndGlobalSection
	GlobalSection(ExtensibilityGlobals) = postSolution
		SolutionGuid = {0E460CBD-78F0-4CE4-8B07-63BA06EF8809}
	EndGlobalSection
EndGlobal
